
Microsoft Visual Studio Solution File, Format Version 12.00
# Visual Studio Version 17
VisualStudioVersion = 17.10.35013.160
MinimumVisualStudioVersion = 10.0.40219.1
Project("{FAE04EC0-301F-11D3-BF4B-00C04F79EFBC}") = "ChallengeApp", "ChallengeApp\ChallengeApp.csproj", "{346FF682-1E42-4715-9039-61DAC5BDDFD9}"
EndProject
Global
	GlobalSection(SolutionConfigurationPlatforms) = preSolution
		Debug|Any CPU = Debug|Any CPU
		Release|Any CPU = Release|Any CPU
	EndGlobalSection
	GlobalSection(ProjectConfigurationPlatforms) = postSolution
		{346FF682-1E42-4715-9039-61DAC5BDDFD9}.Debug|Any CPU.ActiveCfg = Debug|Any CPU
		{346FF682-1E42-4715-9039-61DAC5BDDFD9}.Debug|Any CPU.Build.0 = Debug|Any CPU
		{346FF682-1E42-4715-9039-61DAC5BDDFD9}.Release|Any CPU.ActiveCfg = Release|Any CPU
		{346FF682-1E42-4715-9039-61DAC5BDDFD9}.Release|Any CPU.Build.0 = Release|Any CPU
	EndGlobalSection
	GlobalSection(SolutionProperties) = preSolution
		HideSolutionNode = FALSE
	EndGlobalSection
	GlobalSection(ExtensibilityGlobals) = postSolution
		SolutionGuid = {79E236B6-40BA-4732-A83B-06AB61D6BAFD}
	EndGlobalSection
EndGlobal
